// !$*UTF8*$!
{
	archiveVersion = 1;
	classes = {
	};
	objectVersion = 46;
	objects = {

/* Begin PBXBuildFile section */
		374E0FB41E5E8346004FBC1C /* main.m in Sources */ = {isa = PBXBuildFile; fileRef = 374E0FB31E5E8346004FBC1C /* main.m */; };
		374E0FB71E5E8346004FBC1C /* AppDelegate.m in Sources */ = {isa = PBXBuildFile; fileRef = 374E0FB61E5E8346004FBC1C /* AppDelegate.m */; };
		374E0FBA1E5E8346004FBC1C /* ViewController.m in Sources */ = {isa = PBXBuildFile; fileRef = 374E0FB91E5E8346004FBC1C /* ViewController.m */; };
		374E0FBD1E5E8346004FBC1C /* Main.storyboard in Resources */ = {isa = PBXBuildFile; fileRef = 374E0FBB1E5E8346004FBC1C /* Main.storyboard */; };
		374E0FBF1E5E8346004FBC1C /* Assets.xcassets in Resources */ = {isa = PBXBuildFile; fileRef = 374E0FBE1E5E8346004FBC1C /* Assets.xcassets */; };
		374E0FC21E5E8346004FBC1C /* LaunchScreen.storyboard in Resources */ = {isa = PBXBuildFile; fileRef = 374E0FC01E5E8346004FBC1C /* LaunchScreen.storyboard */; };
		374E0FCD1E5E8346004FBC1C /* ExpandedDemoTests.m in Sources */ = {isa = PBXBuildFile; fileRef = 374E0FCC1E5E8346004FBC1C /* ExpandedDemoTests.m */; };
		374E0FD81E5E8346004FBC1C /* ExpandedDemoUITests.m in Sources */ = {isa = PBXBuildFile; fileRef = 374E0FD71E5E8346004FBC1C /* ExpandedDemoUITests.m */; };
		374E10131E5E83C1004FBC1C /* ViewModel.m in Sources */ = {isa = PBXBuildFile; fileRef = 374E10121E5E83C1004FBC1C /* ViewModel.m */; };
		374E10161E5E83CC004FBC1C /* ViewCell.m in Sources */ = {isa = PBXBuildFile; fileRef = 374E10151E5E83CC004FBC1C /* ViewCell.m */; };
		374E10DF1E5EB363004FBC1C /* YYTextContainerView.m in Sources */ = {isa = PBXBuildFile; fileRef = 374E10971E5EB363004FBC1C /* YYTextContainerView.m */; };
		374E10E01E5EB363004FBC1C /* YYTextDebugOption.m in Sources */ = {isa = PBXBuildFile; fileRef = 374E10991E5EB363004FBC1C /* YYTextDebugOption.m */; };
		374E10E11E5EB363004FBC1C /* YYTextEffectWindow.m in Sources */ = {isa = PBXBuildFile; fileRef = 374E109B1E5EB363004FBC1C /* YYTextEffectWindow.m */; };
		374E10E21E5EB363004FBC1C /* YYTextInput.m in Sources */ = {isa = PBXBuildFile; fileRef = 374E109D1E5EB363004FBC1C /* YYTextInput.m */; };
		374E10E31E5EB363004FBC1C /* YYTextKeyboardManager.m in Sources */ = {isa = PBXBuildFile; fileRef = 374E109F1E5EB363004FBC1C /* YYTextKeyboardManager.m */; };
		374E10E41E5EB363004FBC1C /* YYTextLayout.m in Sources */ = {isa = PBXBuildFile; fileRef = 374E10A11E5EB363004FBC1C /* YYTextLayout.m */; };
		374E10E51E5EB363004FBC1C /* YYTextLine.m in Sources */ = {isa = PBXBuildFile; fileRef = 374E10A31E5EB363004FBC1C /* YYTextLine.m */; };
		374E10E61E5EB363004FBC1C /* YYTextMagnifier.m in Sources */ = {isa = PBXBuildFile; fileRef = 374E10A51E5EB363004FBC1C /* YYTextMagnifier.m */; };
		374E10E71E5EB363004FBC1C /* YYTextSelectionView.m in Sources */ = {isa = PBXBuildFile; fileRef = 374E10A71E5EB363004FBC1C /* YYTextSelectionView.m */; };
		374E10E81E5EB363004FBC1C /* YYTextArchiver.m in Sources */ = {isa = PBXBuildFile; fileRef = 374E10AA1E5EB363004FBC1C /* YYTextArchiver.m */; };
		374E10E91E5EB363004FBC1C /* YYTextAttribute.m in Sources */ = {isa = PBXBuildFile; fileRef = 374E10AC1E5EB363004FBC1C /* YYTextAttribute.m */; };
		374E10EA1E5EB363004FBC1C /* YYTextParser.m in Sources */ = {isa = PBXBuildFile; fileRef = 374E10AE1E5EB363004FBC1C /* YYTextParser.m */; };
		374E10EB1E5EB363004FBC1C /* YYTextRubyAnnotation.m in Sources */ = {isa = PBXBuildFile; fileRef = 374E10B01E5EB363004FBC1C /* YYTextRubyAnnotation.m */; };
		374E10EC1E5EB363004FBC1C /* YYTextRunDelegate.m in Sources */ = {isa = PBXBuildFile; fileRef = 374E10B21E5EB363004FBC1C /* YYTextRunDelegate.m */; };
		374E10ED1E5EB363004FBC1C /* CALayer+YYAdd.m in Sources */ = {isa = PBXBuildFile; fileRef = 374E10B51E5EB363004FBC1C /* CALayer+YYAdd.m */; };
		374E10EE1E5EB363004FBC1C /* NSAttributedString+YYText.m in Sources */ = {isa = PBXBuildFile; fileRef = 374E10B71E5EB363004FBC1C /* NSAttributedString+YYText.m */; };
		374E10EF1E5EB363004FBC1C /* NSBundle+YYAdd.m in Sources */ = {isa = PBXBuildFile; fileRef = 374E10B91E5EB363004FBC1C /* NSBundle+YYAdd.m */; };
		374E10F01E5EB363004FBC1C /* NSData+YYAdd.m in Sources */ = {isa = PBXBuildFile; fileRef = 374E10BB1E5EB363004FBC1C /* NSData+YYAdd.m */; };
		374E10F11E5EB363004FBC1C /* NSParagraphStyle+YYText.m in Sources */ = {isa = PBXBuildFile; fileRef = 374E10BD1E5EB363004FBC1C /* NSParagraphStyle+YYText.m */; };
		374E10F21E5EB363004FBC1C /* NSString+YYAdd.m in Sources */ = {isa = PBXBuildFile; fileRef = 374E10BF1E5EB363004FBC1C /* NSString+YYAdd.m */; };
		374E10F31E5EB363004FBC1C /* UIControl+YYAdd.m in Sources */ = {isa = PBXBuildFile; fileRef = 374E10C11E5EB363004FBC1C /* UIControl+YYAdd.m */; };
		374E10F41E5EB363004FBC1C /* UIGestureRecognizer+YYAdd.m in Sources */ = {isa = PBXBuildFile; fileRef = 374E10C31E5EB363004FBC1C /* UIGestureRecognizer+YYAdd.m */; };
		374E10F51E5EB363004FBC1C /* UIImage+YYWebImage.m in Sources */ = {isa = PBXBuildFile; fileRef = 374E10C51E5EB363004FBC1C /* UIImage+YYWebImage.m */; };
		374E10F61E5EB363004FBC1C /* UIPasteboard+YYText.m in Sources */ = {isa = PBXBuildFile; fileRef = 374E10C71E5EB363004FBC1C /* UIPasteboard+YYText.m */; };
		374E10F71E5EB363004FBC1C /* UIView+YYAdd.m in Sources */ = {isa = PBXBuildFile; fileRef = 374E10C91E5EB363004FBC1C /* UIView+YYAdd.m */; };
		374E10F81E5EB363004FBC1C /* UIView+YYText.m in Sources */ = {isa = PBXBuildFile; fileRef = 374E10CB1E5EB363004FBC1C /* UIView+YYText.m */; };
		374E10F91E5EB363004FBC1C /* YYTextAsyncLayer.m in Sources */ = {isa = PBXBuildFile; fileRef = 374E10CD1E5EB363004FBC1C /* YYTextAsyncLayer.m */; };
		374E10FA1E5EB363004FBC1C /* YYTextTransaction.m in Sources */ = {isa = PBXBuildFile; fileRef = 374E10CF1E5EB363004FBC1C /* YYTextTransaction.m */; };
		374E10FB1E5EB363004FBC1C /* YYTextUtilities.m in Sources */ = {isa = PBXBuildFile; fileRef = 374E10D11E5EB363004FBC1C /* YYTextUtilities.m */; };
		374E10FC1E5EB363004FBC1C /* YYTextWeakProxy.m in Sources */ = {isa = PBXBuildFile; fileRef = 374E10D31E5EB363004FBC1C /* YYTextWeakProxy.m */; };
		374E10FD1E5EB363004FBC1C /* YYFPSLabel.m in Sources */ = {isa = PBXBuildFile; fileRef = 374E10D51E5EB363004FBC1C /* YYFPSLabel.m */; };
		374E10FE1E5EB363004FBC1C /* YYGestureRecognizer.m in Sources */ = {isa = PBXBuildFile; fileRef = 374E10D71E5EB363004FBC1C /* YYGestureRecognizer.m */; };
		374E10FF1E5EB363004FBC1C /* YYLabel.m in Sources */ = {isa = PBXBuildFile; fileRef = 374E10D91E5EB363004FBC1C /* YYLabel.m */; };
		374E11001E5EB363004FBC1C /* YYTextView.m in Sources */ = {isa = PBXBuildFile; fileRef = 374E10DC1E5EB363004FBC1C /* YYTextView.m */; };
		374E11011E5EB363004FBC1C /* YYWeakProxy.m in Sources */ = {isa = PBXBuildFile; fileRef = 374E10DE1E5EB363004FBC1C /* YYWeakProxy.m */; };
		374E111F1E5EB37E004FBC1C /* LICENSE in Resources */ = {isa = PBXBuildFile; fileRef = 374E11031E5EB37E004FBC1C /* LICENSE */; };
		374E11201E5EB37E004FBC1C /* MASCompositeConstraint.m in Sources */ = {isa = PBXBuildFile; fileRef = 374E11061E5EB37E004FBC1C /* MASCompositeConstraint.m */; };
		374E11211E5EB37E004FBC1C /* MASConstraint.m in Sources */ = {isa = PBXBuildFile; fileRef = 374E11091E5EB37E004FBC1C /* MASConstraint.m */; };
		374E11221E5EB37E004FBC1C /* MASConstraintMaker.m in Sources */ = {isa = PBXBuildFile; fileRef = 374E110B1E5EB37E004FBC1C /* MASConstraintMaker.m */; };
		374E11231E5EB37E004FBC1C /* MASLayoutConstraint.m in Sources */ = {isa = PBXBuildFile; fileRef = 374E110D1E5EB37E004FBC1C /* MASLayoutConstraint.m */; };
		374E11241E5EB37E004FBC1C /* MASViewAttribute.m in Sources */ = {isa = PBXBuildFile; fileRef = 374E11111E5EB37E004FBC1C /* MASViewAttribute.m */; };
		374E11251E5EB37E004FBC1C /* MASViewConstraint.m in Sources */ = {isa = PBXBuildFile; fileRef = 374E11131E5EB37E004FBC1C /* MASViewConstraint.m */; };
		374E11261E5EB37E004FBC1C /* NSArray+MASAdditions.m in Sources */ = {isa = PBXBuildFile; fileRef = 374E11151E5EB37E004FBC1C /* NSArray+MASAdditions.m */; };
		374E11271E5EB37E004FBC1C /* NSLayoutConstraint+MASDebugAdditions.m in Sources */ = {isa = PBXBuildFile; fileRef = 374E11181E5EB37E004FBC1C /* NSLayoutConstraint+MASDebugAdditions.m */; };
		374E11281E5EB37E004FBC1C /* View+MASAdditions.m in Sources */ = {isa = PBXBuildFile; fileRef = 374E111A1E5EB37E004FBC1C /* View+MASAdditions.m */; };
		374E11291E5EB37E004FBC1C /* ViewController+MASAdditions.m in Sources */ = {isa = PBXBuildFile; fileRef = 374E111D1E5EB37E004FBC1C /* ViewController+MASAdditions.m */; };
		374E112A1E5EB37E004FBC1C /* README.md in Sources */ = {isa = PBXBuildFile; fileRef = 374E111E1E5EB37E004FBC1C /* README.md */; };
/* End PBXBuildFile section */

/* Begin PBXContainerItemProxy section */
		374E0FC91E5E8346004FBC1C /* PBXContainerItemProxy */ = {
			isa = PBXContainerItemProxy;
			containerPortal = 374E0FA71E5E8346004FBC1C /* Project object */;
			proxyType = 1;
			remoteGlobalIDString = 374E0FAE1E5E8346004FBC1C;
			remoteInfo = ExpandedDemo;
		};
		374E0FD41E5E8346004FBC1C /* PBXContainerItemProxy */ = {
			isa = PBXContainerItemProxy;
			containerPortal = 374E0FA71E5E8346004FBC1C /* Project object */;
			proxyType = 1;
			remoteGlobalIDString = 374E0FAE1E5E8346004FBC1C;
			remoteInfo = ExpandedDemo;
		};
/* End PBXContainerItemProxy section */

/* Begin PBXFileReference section */
		374E0FAF1E5E8346004FBC1C /* ExpandedDemo.app */ = {isa = PBXFileReference; explicitFileType = wrapper.application; includeInIndex = 0; path = ExpandedDemo.app; sourceTree = BUILT_PRODUCTS_DIR; };
		374E0FB31E5E8346004FBC1C /* main.m */ = {isa = PBXFileReference; lastKnownFileType = sourcecode.c.objc; path = main.m; sourceTree = "<group>"; };
		374E0FB51E5E8346004FBC1C /* AppDelegate.h */ = {isa = PBXFileReference; lastKnownFileType = sourcecode.c.h; path = AppDelegate.h; sourceTree = "<group>"; };
		374E0FB61E5E8346004FBC1C /* AppDelegate.m */ = {isa = PBXFileReference; lastKnownFileType = sourcecode.c.objc; path = AppDelegate.m; sourceTree = "<group>"; };
		374E0FB81E5E8346004FBC1C /* ViewController.h */ = {isa = PBXFileReference; lastKnownFileType = sourcecode.c.h; name = ViewController.h; path = ../ViewController.h; sourceTree = "<group>"; };
		374E0FB91E5E8346004FBC1C /* ViewController.m */ = {isa = PBXFileReference; lastKnownFileType = sourcecode.c.objc; name = ViewController.m; path = ../ViewController.m; sourceTree = "<group>"; };
		374E0FBC1E5E8346004FBC1C /* Base */ = {isa = PBXFileReference; lastKnownFileType = file.storyboard; name = Base; path = Base.lproj/Main.storyboard; sourceTree = "<group>"; };
		374E0FBE1E5E8346004FBC1C /* Assets.xcassets */ = {isa = PBXFileReference; lastKnownFileType = folder.assetcatalog; path = Assets.xcassets; sourceTree = "<group>"; };
		374E0FC11E5E8346004FBC1C /* Base */ = {isa = PBXFileReference; lastKnownFileType = file.storyboard; name = Base; path = Base.lproj/LaunchScreen.storyboard; sourceTree = "<group>"; };
		374E0FC31E5E8346004FBC1C /* Info.plist */ = {isa = PBXFileReference; lastKnownFileType = text.plist.xml; path = Info.plist; sourceTree = "<group>"; };
		374E0FC81E5E8346004FBC1C /* ExpandedDemoTests.xctest */ = {isa = PBXFileReference; explicitFileType = wrapper.cfbundle; includeInIndex = 0; path = ExpandedDemoTests.xctest; sourceTree = BUILT_PRODUCTS_DIR; };
		374E0FCC1E5E8346004FBC1C /* ExpandedDemoTests.m */ = {isa = PBXFileReference; lastKnownFileType = sourcecode.c.objc; path = ExpandedDemoTests.m; sourceTree = "<group>"; };
		374E0FCE1E5E8346004FBC1C /* Info.plist */ = {isa = PBXFileReference; lastKnownFileType = text.plist.xml; path = Info.plist; sourceTree = "<group>"; };
		374E0FD31E5E8346004FBC1C /* ExpandedDemoUITests.xctest */ = {isa = PBXFileReference; explicitFileType = wrapper.cfbundle; includeInIndex = 0; path = ExpandedDemoUITests.xctest; sourceTree = BUILT_PRODUCTS_DIR; };
		374E0FD71E5E8346004FBC1C /* ExpandedDemoUITests.m */ = {isa = PBXFileReference; lastKnownFileType = sourcecode.c.objc; path = ExpandedDemoUITests.m; sourceTree = "<group>"; };
		374E0FD91E5E8346004FBC1C /* Info.plist */ = {isa = PBXFileReference; lastKnownFileType = text.plist.xml; path = Info.plist; sourceTree = "<group>"; };
		374E10111E5E83C1004FBC1C /* ViewModel.h */ = {isa = PBXFileReference; fileEncoding = 4; lastKnownFileType = sourcecode.c.h; path = ViewModel.h; sourceTree = "<group>"; };
		374E10121E5E83C1004FBC1C /* ViewModel.m */ = {isa = PBXFileReference; fileEncoding = 4; lastKnownFileType = sourcecode.c.objc; path = ViewModel.m; sourceTree = "<group>"; };
		374E10141E5E83CC004FBC1C /* ViewCell.h */ = {isa = PBXFileReference; fileEncoding = 4; lastKnownFileType = sourcecode.c.h; path = ViewCell.h; sourceTree = "<group>"; };
		374E10151E5E83CC004FBC1C /* ViewCell.m */ = {isa = PBXFileReference; fileEncoding = 4; lastKnownFileType = sourcecode.c.objc; path = ViewCell.m; sourceTree = "<group>"; };
		374E10961E5EB363004FBC1C /* YYTextContainerView.h */ = {isa = PBXFileReference; fileEncoding = 4; lastKnownFileType = sourcecode.c.h; path = YYTextContainerView.h; sourceTree = "<group>"; };
		374E10971E5EB363004FBC1C /* YYTextContainerView.m */ = {isa = PBXFileReference; fileEncoding = 4; lastKnownFileType = sourcecode.c.objc; path = YYTextContainerView.m; sourceTree = "<group>"; };
		374E10981E5EB363004FBC1C /* YYTextDebugOption.h */ = {isa = PBXFileReference; fileEncoding = 4; lastKnownFileType = sourcecode.c.h; path = YYTextDebugOption.h; sourceTree = "<group>"; };
		374E10991E5EB363004FBC1C /* YYTextDebugOption.m */ = {isa = PBXFileReference; fileEncoding = 4; lastKnownFileType = sourcecode.c.objc; path = YYTextDebugOption.m; sourceTree = "<group>"; };
		374E109A1E5EB363004FBC1C /* YYTextEffectWindow.h */ = {isa = PBXFileReference; fileEncoding = 4; lastKnownFileType = sourcecode.c.h; path = YYTextEffectWindow.h; sourceTree = "<group>"; };
		374E109B1E5EB363004FBC1C /* YYTextEffectWindow.m */ = {isa = PBXFileReference; fileEncoding = 4; lastKnownFileType = sourcecode.c.objc; path = YYTextEffectWindow.m; sourceTree = "<group>"; };
		374E109C1E5EB363004FBC1C /* YYTextInput.h */ = {isa = PBXFileReference; fileEncoding = 4; lastKnownFileType = sourcecode.c.h; path = YYTextInput.h; sourceTree = "<group>"; };
		374E109D1E5EB363004FBC1C /* YYTextInput.m */ = {isa = PBXFileReference; fileEncoding = 4; lastKnownFileType = sourcecode.c.objc; path = YYTextInput.m; sourceTree = "<group>"; };
		374E109E1E5EB363004FBC1C /* YYTextKeyboardManager.h */ = {isa = PBXFileReference; fileEncoding = 4; lastKnownFileType = sourcecode.c.h; path = YYTextKeyboardManager.h; sourceTree = "<group>"; };
		374E109F1E5EB363004FBC1C /* YYTextKeyboardManager.m */ = {isa = PBXFileReference; fileEncoding = 4; lastKnownFileType = sourcecode.c.objc; path = YYTextKeyboardManager.m; sourceTree = "<group>"; };
		374E10A01E5EB363004FBC1C /* YYTextLayout.h */ = {isa = PBXFileReference; fileEncoding = 4; lastKnownFileType = sourcecode.c.h; path = YYTextLayout.h; sourceTree = "<group>"; };
		374E10A11E5EB363004FBC1C /* YYTextLayout.m */ = {isa = PBXFileReference; fileEncoding = 4; lastKnownFileType = sourcecode.c.objc; path = YYTextLayout.m; sourceTree = "<group>"; };
		374E10A21E5EB363004FBC1C /* YYTextLine.h */ = {isa = PBXFileReference; fileEncoding = 4; lastKnownFileType = sourcecode.c.h; path = YYTextLine.h; sourceTree = "<group>"; };
		374E10A31E5EB363004FBC1C /* YYTextLine.m */ = {isa = PBXFileReference; fileEncoding = 4; lastKnownFileType = sourcecode.c.objc; path = YYTextLine.m; sourceTree = "<group>"; };
		374E10A41E5EB363004FBC1C /* YYTextMagnifier.h */ = {isa = PBXFileReference; fileEncoding = 4; lastKnownFileType = sourcecode.c.h; path = YYTextMagnifier.h; sourceTree = "<group>"; };
		374E10A51E5EB363004FBC1C /* YYTextMagnifier.m */ = {isa = PBXFileReference; fileEncoding = 4; lastKnownFileType = sourcecode.c.objc; path = YYTextMagnifier.m; sourceTree = "<group>"; };
		374E10A61E5EB363004FBC1C /* YYTextSelectionView.h */ = {isa = PBXFileReference; fileEncoding = 4; lastKnownFileType = sourcecode.c.h; path = YYTextSelectionView.h; sourceTree = "<group>"; };
		374E10A71E5EB363004FBC1C /* YYTextSelectionView.m */ = {isa = PBXFileReference; fileEncoding = 4; lastKnownFileType = sourcecode.c.objc; path = YYTextSelectionView.m; sourceTree = "<group>"; };
		374E10A91E5EB363004FBC1C /* YYTextArchiver.h */ = {isa = PBXFileReference; fileEncoding = 4; lastKnownFileType = sourcecode.c.h; path = YYTextArchiver.h; sourceTree = "<group>"; };
		374E10AA1E5EB363004FBC1C /* YYTextArchiver.m */ = {isa = PBXFileReference; fileEncoding = 4; lastKnownFileType = sourcecode.c.objc; path = YYTextArchiver.m; sourceTree = "<group>"; };
		374E10AB1E5EB363004FBC1C /* YYTextAttribute.h */ = {isa = PBXFileReference; fileEncoding = 4; lastKnownFileType = sourcecode.c.h; path = YYTextAttribute.h; sourceTree = "<group>"; };
		374E10AC1E5EB363004FBC1C /* YYTextAttribute.m */ = {isa = PBXFileReference; fileEncoding = 4; lastKnownFileType = sourcecode.c.objc; path = YYTextAttribute.m; sourceTree = "<group>"; };
		374E10AD1E5EB363004FBC1C /* YYTextParser.h */ = {isa = PBXFileReference; fileEncoding = 4; lastKnownFileType = sourcecode.c.h; path = YYTextParser.h; sourceTree = "<group>"; };
		374E10AE1E5EB363004FBC1C /* YYTextParser.m */ = {isa = PBXFileReference; fileEncoding = 4; lastKnownFileType = sourcecode.c.objc; path = YYTextParser.m; sourceTree = "<group>"; };
		374E10AF1E5EB363004FBC1C /* YYTextRubyAnnotation.h */ = {isa = PBXFileReference; fileEncoding = 4; lastKnownFileType = sourcecode.c.h; path = YYTextRubyAnnotation.h; sourceTree = "<group>"; };
		374E10B01E5EB363004FBC1C /* YYTextRubyAnnotation.m */ = {isa = PBXFileReference; fileEncoding = 4; lastKnownFileType = sourcecode.c.objc; path = YYTextRubyAnnotation.m; sourceTree = "<group>"; };
		374E10B11E5EB363004FBC1C /* YYTextRunDelegate.h */ = {isa = PBXFileReference; fileEncoding = 4; lastKnownFileType = sourcecode.c.h; path = YYTextRunDelegate.h; sourceTree = "<group>"; };
		374E10B21E5EB363004FBC1C /* YYTextRunDelegate.m */ = {isa = PBXFileReference; fileEncoding = 4; lastKnownFileType = sourcecode.c.objc; path = YYTextRunDelegate.m; sourceTree = "<group>"; };
		374E10B41E5EB363004FBC1C /* CALayer+YYAdd.h */ = {isa = PBXFileReference; fileEncoding = 4; lastKnownFileType = sourcecode.c.h; path = "CALayer+YYAdd.h"; sourceTree = "<group>"; };
		374E10B51E5EB363004FBC1C /* CALayer+YYAdd.m */ = {isa = PBXFileReference; fileEncoding = 4; lastKnownFileType = sourcecode.c.objc; path = "CALayer+YYAdd.m"; sourceTree = "<group>"; };
		374E10B61E5EB363004FBC1C /* NSAttributedString+YYText.h */ = {isa = PBXFileReference; fileEncoding = 4; lastKnownFileType = sourcecode.c.h; path = "NSAttributedString+YYText.h"; sourceTree = "<group>"; };
		374E10B71E5EB363004FBC1C /* NSAttributedString+YYText.m */ = {isa = PBXFileReference; fileEncoding = 4; lastKnownFileType = sourcecode.c.objc; path = "NSAttributedString+YYText.m"; sourceTree = "<group>"; };
		374E10B81E5EB363004FBC1C /* NSBundle+YYAdd.h */ = {isa = PBXFileReference; fileEncoding = 4; lastKnownFileType = sourcecode.c.h; path = "NSBundle+YYAdd.h"; sourceTree = "<group>"; };
		374E10B91E5EB363004FBC1C /* NSBundle+YYAdd.m */ = {isa = PBXFileReference; fileEncoding = 4; lastKnownFileType = sourcecode.c.objc; path = "NSBundle+YYAdd.m"; sourceTree = "<group>"; };
		374E10BA1E5EB363004FBC1C /* NSData+YYAdd.h */ = {isa = PBXFileReference; fileEncoding = 4; lastKnownFileType = sourcecode.c.h; path = "NSData+YYAdd.h"; sourceTree = "<group>"; };
		374E10BB1E5EB363004FBC1C /* NSData+YYAdd.m */ = {isa = PBXFileReference; fileEncoding = 4; lastKnownFileType = sourcecode.c.objc; path = "NSData+YYAdd.m"; sourceTree = "<group>"; };
		374E10BC1E5EB363004FBC1C /* NSParagraphStyle+YYText.h */ = {isa = PBXFileReference; fileEncoding = 4; lastKnownFileType = sourcecode.c.h; path = "NSParagraphStyle+YYText.h"; sourceTree = "<group>"; };
		374E10BD1E5EB363004FBC1C /* NSParagraphStyle+YYText.m */ = {isa = PBXFileReference; fileEncoding = 4; lastKnownFileType = sourcecode.c.objc; path = "NSParagraphStyle+YYText.m"; sourceTree = "<group>"; };
		374E10BE1E5EB363004FBC1C /* NSString+YYAdd.h */ = {isa = PBXFileReference; fileEncoding = 4; lastKnownFileType = sourcecode.c.h; path = "NSString+YYAdd.h"; sourceTree = "<group>"; };
		374E10BF1E5EB363004FBC1C /* NSString+YYAdd.m */ = {isa = PBXFileReference; fileEncoding = 4; lastKnownFileType = sourcecode.c.objc; path = "NSString+YYAdd.m"; sourceTree = "<group>"; };
		374E10C01E5EB363004FBC1C /* UIControl+YYAdd.h */ = {isa = PBXFileReference; fileEncoding = 4; lastKnownFileType = sourcecode.c.h; path = "UIControl+YYAdd.h"; sourceTree = "<group>"; };
		374E10C11E5EB363004FBC1C /* UIControl+YYAdd.m */ = {isa = PBXFileReference; fileEncoding = 4; lastKnownFileType = sourcecode.c.objc; path = "UIControl+YYAdd.m"; sourceTree = "<group>"; };
		374E10C21E5EB363004FBC1C /* UIGestureRecognizer+YYAdd.h */ = {isa = PBXFileReference; fileEncoding = 4; lastKnownFileType = sourcecode.c.h; path = "UIGestureRecognizer+YYAdd.h"; sourceTree = "<group>"; };
		374E10C31E5EB363004FBC1C /* UIGestureRecognizer+YYAdd.m */ = {isa = PBXFileReference; fileEncoding = 4; lastKnownFileType = sourcecode.c.objc; path = "UIGestureRecognizer+YYAdd.m"; sourceTree = "<group>"; };
		374E10C41E5EB363004FBC1C /* UIImage+YYWebImage.h */ = {isa = PBXFileReference; fileEncoding = 4; lastKnownFileType = sourcecode.c.h; path = "UIImage+YYWebImage.h"; sourceTree = "<group>"; };
		374E10C51E5EB363004FBC1C /* UIImage+YYWebImage.m */ = {isa = PBXFileReference; fileEncoding = 4; lastKnownFileType = sourcecode.c.objc; path = "UIImage+YYWebImage.m"; sourceTree = "<group>"; };
		374E10C61E5EB363004FBC1C /* UIPasteboard+YYText.h */ = {isa = PBXFileReference; fileEncoding = 4; lastKnownFileType = sourcecode.c.h; path = "UIPasteboard+YYText.h"; sourceTree = "<group>"; };
		374E10C71E5EB363004FBC1C /* UIPasteboard+YYText.m */ = {isa = PBXFileReference; fileEncoding = 4; lastKnownFileType = sourcecode.c.objc; path = "UIPasteboard+YYText.m"; sourceTree = "<group>"; };
		374E10C81E5EB363004FBC1C /* UIView+YYAdd.h */ = {isa = PBXFileReference; fileEncoding = 4; lastKnownFileType = sourcecode.c.h; path = "UIView+YYAdd.h"; sourceTree = "<group>"; };
		374E10C91E5EB363004FBC1C /* UIView+YYAdd.m */ = {isa = PBXFileReference; fileEncoding = 4; lastKnownFileType = sourcecode.c.objc; path = "UIView+YYAdd.m"; sourceTree = "<group>"; };
		374E10CA1E5EB363004FBC1C /* UIView+YYText.h */ = {isa = PBXFileReference; fileEncoding = 4; lastKnownFileType = sourcecode.c.h; path = "UIView+YYText.h"; sourceTree = "<group>"; };
		374E10CB1E5EB363004FBC1C /* UIView+YYText.m */ = {isa = PBXFileReference; fileEncoding = 4; lastKnownFileType = sourcecode.c.objc; path = "UIView+YYText.m"; sourceTree = "<group>"; };
		374E10CC1E5EB363004FBC1C /* YYTextAsyncLayer.h */ = {isa = PBXFileReference; fileEncoding = 4; lastKnownFileType = sourcecode.c.h; path = YYTextAsyncLayer.h; sourceTree = "<group>"; };
		374E10CD1E5EB363004FBC1C /* YYTextAsyncLayer.m */ = {isa = PBXFileReference; fileEncoding = 4; lastKnownFileType = sourcecode.c.objc; path = YYTextAsyncLayer.m; sourceTree = "<group>"; };
		374E10CE1E5EB363004FBC1C /* YYTextTransaction.h */ = {isa = PBXFileReference; fileEncoding = 4; lastKnownFileType = sourcecode.c.h; path = YYTextTransaction.h; sourceTree = "<group>"; };
		374E10CF1E5EB363004FBC1C /* YYTextTransaction.m */ = {isa = PBXFileReference; fileEncoding = 4; lastKnownFileType = sourcecode.c.objc; path = YYTextTransaction.m; sourceTree = "<group>"; };
		374E10D01E5EB363004FBC1C /* YYTextUtilities.h */ = {isa = PBXFileReference; fileEncoding = 4; lastKnownFileType = sourcecode.c.h; path = YYTextUtilities.h; sourceTree = "<group>"; };
		374E10D11E5EB363004FBC1C /* YYTextUtilities.m */ = {isa = PBXFileReference; fileEncoding = 4; lastKnownFileType = sourcecode.c.objc; path = YYTextUtilities.m; sourceTree = "<group>"; };
		374E10D21E5EB363004FBC1C /* YYTextWeakProxy.h */ = {isa = PBXFileReference; fileEncoding = 4; lastKnownFileType = sourcecode.c.h; path = YYTextWeakProxy.h; sourceTree = "<group>"; };
		374E10D31E5EB363004FBC1C /* YYTextWeakProxy.m */ = {isa = PBXFileReference; fileEncoding = 4; lastKnownFileType = sourcecode.c.objc; path = YYTextWeakProxy.m; sourceTree = "<group>"; };
		374E10D41E5EB363004FBC1C /* YYFPSLabel.h */ = {isa = PBXFileReference; fileEncoding = 4; lastKnownFileType = sourcecode.c.h; path = YYFPSLabel.h; sourceTree = "<group>"; };
		374E10D51E5EB363004FBC1C /* YYFPSLabel.m */ = {isa = PBXFileReference; fileEncoding = 4; lastKnownFileType = sourcecode.c.objc; path = YYFPSLabel.m; sourceTree = "<group>"; };
		374E10D61E5EB363004FBC1C /* YYGestureRecognizer.h */ = {isa = PBXFileReference; fileEncoding = 4; lastKnownFileType = sourcecode.c.h; path = YYGestureRecognizer.h; sourceTree = "<group>"; };
		374E10D71E5EB363004FBC1C /* YYGestureRecognizer.m */ = {isa = PBXFileReference; fileEncoding = 4; lastKnownFileType = sourcecode.c.objc; path = YYGestureRecognizer.m; sourceTree = "<group>"; };
		374E10D81E5EB363004FBC1C /* YYLabel.h */ = {isa = PBXFileReference; fileEncoding = 4; lastKnownFileType = sourcecode.c.h; path = YYLabel.h; sourceTree = "<group>"; };
		374E10D91E5EB363004FBC1C /* YYLabel.m */ = {isa = PBXFileReference; fileEncoding = 4; lastKnownFileType = sourcecode.c.objc; path = YYLabel.m; sourceTree = "<group>"; };
		374E10DA1E5EB363004FBC1C /* YYText.h */ = {isa = PBXFileReference; fileEncoding = 4; lastKnownFileType = sourcecode.c.h; path = YYText.h; sourceTree = "<group>"; };
		374E10DB1E5EB363004FBC1C /* YYTextView.h */ = {isa = PBXFileReference; fileEncoding = 4; lastKnownFileType = sourcecode.c.h; path = YYTextView.h; sourceTree = "<group>"; };
		374E10DC1E5EB363004FBC1C /* YYTextView.m */ = {isa = PBXFileReference; fileEncoding = 4; lastKnownFileType = sourcecode.c.objc; path = YYTextView.m; sourceTree = "<group>"; };
		374E10DD1E5EB363004FBC1C /* YYWeakProxy.h */ = {isa = PBXFileReference; fileEncoding = 4; lastKnownFileType = sourcecode.c.h; path = YYWeakProxy.h; sourceTree = "<group>"; };
		374E10DE1E5EB363004FBC1C /* YYWeakProxy.m */ = {isa = PBXFileReference; fileEncoding = 4; lastKnownFileType = sourcecode.c.objc; path = YYWeakProxy.m; sourceTree = "<group>"; };
		374E11031E5EB37E004FBC1C /* LICENSE */ = {isa = PBXFileReference; fileEncoding = 4; lastKnownFileType = text; path = LICENSE; sourceTree = "<group>"; };
		374E11051E5EB37E004FBC1C /* MASCompositeConstraint.h */ = {isa = PBXFileReference; fileEncoding = 4; lastKnownFileType = sourcecode.c.h; path = MASCompositeConstraint.h; sourceTree = "<group>"; };
		374E11061E5EB37E004FBC1C /* MASCompositeConstraint.m */ = {isa = PBXFileReference; fileEncoding = 4; lastKnownFileType = sourcecode.c.objc; path = MASCompositeConstraint.m; sourceTree = "<group>"; };
		374E11071E5EB37E004FBC1C /* MASConstraint+Private.h */ = {isa = PBXFileReference; fileEncoding = 4; lastKnownFileType = sourcecode.c.h; path = "MASConstraint+Private.h"; sourceTree = "<group>"; };
		374E11081E5EB37E004FBC1C /* MASConstraint.h */ = {isa = PBXFileReference; fileEncoding = 4; lastKnownFileType = sourcecode.c.h; path = MASConstraint.h; sourceTree = "<group>"; };
		374E11091E5EB37E004FBC1C /* MASConstraint.m */ = {isa = PBXFileReference; fileEncoding = 4; lastKnownFileType = sourcecode.c.objc; path = MASConstraint.m; sourceTree = "<group>"; };
		374E110A1E5EB37E004FBC1C /* MASConstraintMaker.h */ = {isa = PBXFileReference; fileEncoding = 4; lastKnownFileType = sourcecode.c.h; path = MASConstraintMaker.h; sourceTree = "<group>"; };
		374E110B1E5EB37E004FBC1C /* MASConstraintMaker.m */ = {isa = PBXFileReference; fileEncoding = 4; lastKnownFileType = sourcecode.c.objc; path = MASConstraintMaker.m; sourceTree = "<group>"; };
		374E110C1E5EB37E004FBC1C /* MASLayoutConstraint.h */ = {isa = PBXFileReference; fileEncoding = 4; lastKnownFileType = sourcecode.c.h; path = MASLayoutConstraint.h; sourceTree = "<group>"; };
		374E110D1E5EB37E004FBC1C /* MASLayoutConstraint.m */ = {isa = PBXFileReference; fileEncoding = 4; lastKnownFileType = sourcecode.c.objc; path = MASLayoutConstraint.m; sourceTree = "<group>"; };
		374E110E1E5EB37E004FBC1C /* Masonry.h */ = {isa = PBXFileReference; fileEncoding = 4; lastKnownFileType = sourcecode.c.h; path = Masonry.h; sourceTree = "<group>"; };
		374E110F1E5EB37E004FBC1C /* MASUtilities.h */ = {isa = PBXFileReference; fileEncoding = 4; lastKnownFileType = sourcecode.c.h; path = MASUtilities.h; sourceTree = "<group>"; };
		374E11101E5EB37E004FBC1C /* MASViewAttribute.h */ = {isa = PBXFileReference; fileEncoding = 4; lastKnownFileType = sourcecode.c.h; path = MASViewAttribute.h; sourceTree = "<group>"; };
		374E11111E5EB37E004FBC1C /* MASViewAttribute.m */ = {isa = PBXFileReference; fileEncoding = 4; lastKnownFileType = sourcecode.c.objc; path = MASViewAttribute.m; sourceTree = "<group>"; };
		374E11121E5EB37E004FBC1C /* MASViewConstraint.h */ = {isa = PBXFileReference; fileEncoding = 4; lastKnownFileType = sourcecode.c.h; path = MASViewConstraint.h; sourceTree = "<group>"; };
		374E11131E5EB37E004FBC1C /* MASViewConstraint.m */ = {isa = PBXFileReference; fileEncoding = 4; lastKnownFileType = sourcecode.c.objc; path = MASViewConstraint.m; sourceTree = "<group>"; };
		374E11141E5EB37E004FBC1C /* NSArray+MASAdditions.h */ = {isa = PBXFileReference; fileEncoding = 4; lastKnownFileType = sourcecode.c.h; path = "NSArray+MASAdditions.h"; sourceTree = "<group>"; };
		374E11151E5EB37E004FBC1C /* NSArray+MASAdditions.m */ = {isa = PBXFileReference; fileEncoding = 4; lastKnownFileType = sourcecode.c.objc; path = "NSArray+MASAdditions.m"; sourceTree = "<group>"; };
		374E11161E5EB37E004FBC1C /* NSArray+MASShorthandAdditions.h */ = {isa = PBXFileReference; fileEncoding = 4; lastKnownFileType = sourcecode.c.h; path = "NSArray+MASShorthandAdditions.h"; sourceTree = "<group>"; };
		374E11171E5EB37E004FBC1C /* NSLayoutConstraint+MASDebugAdditions.h */ = {isa = PBXFileReference; fileEncoding = 4; lastKnownFileType = sourcecode.c.h; path = "NSLayoutConstraint+MASDebugAdditions.h"; sourceTree = "<group>"; };
		374E11181E5EB37E004FBC1C /* NSLayoutConstraint+MASDebugAdditions.m */ = {isa = PBXFileReference; fileEncoding = 4; lastKnownFileType = sourcecode.c.objc; path = "NSLayoutConstraint+MASDebugAdditions.m"; sourceTree = "<group>"; };
		374E11191E5EB37E004FBC1C /* View+MASAdditions.h */ = {isa = PBXFileReference; fileEncoding = 4; lastKnownFileType = sourcecode.c.h; path = "View+MASAdditions.h"; sourceTree = "<group>"; };
		374E111A1E5EB37E004FBC1C /* View+MASAdditions.m */ = {isa = PBXFileReference; fileEncoding = 4; lastKnownFileType = sourcecode.c.objc; path = "View+MASAdditions.m"; sourceTree = "<group>"; };
		374E111B1E5EB37E004FBC1C /* View+MASShorthandAdditions.h */ = {isa = PBXFileReference; fileEncoding = 4; lastKnownFileType = sourcecode.c.h; path = "View+MASShorthandAdditions.h"; sourceTree = "<group>"; };
		374E111C1E5EB37E004FBC1C /* ViewController+MASAdditions.h */ = {isa = PBXFileReference; fileEncoding = 4; lastKnownFileType = sourcecode.c.h; path = "ViewController+MASAdditions.h"; sourceTree = "<group>"; };
		374E111D1E5EB37E004FBC1C /* ViewController+MASAdditions.m */ = {isa = PBXFileReference; fileEncoding = 4; lastKnownFileType = sourcecode.c.objc; path = "ViewController+MASAdditions.m"; sourceTree = "<group>"; };
		374E111E1E5EB37E004FBC1C /* README.md */ = {isa = PBXFileReference; fileEncoding = 4; lastKnownFileType = net.daringfireball.markdown; path = README.md; sourceTree = "<group>"; };
/* End PBXFileReference section */

/* Begin PBXFrameworksBuildPhase section */
		374E0FAC1E5E8346004FBC1C /* Frameworks */ = {
			isa = PBXFrameworksBuildPhase;
			buildActionMask = 2147483647;
			files = (
			);
			runOnlyForDeploymentPostprocessing = 0;
		};
		374E0FC51E5E8346004FBC1C /* Frameworks */ = {
			isa = PBXFrameworksBuildPhase;
			buildActionMask = 2147483647;
			files = (
			);
			runOnlyForDeploymentPostprocessing = 0;
		};
		374E0FD01E5E8346004FBC1C /* Frameworks */ = {
			isa = PBXFrameworksBuildPhase;
			buildActionMask = 2147483647;
			files = (
			);
			runOnlyForDeploymentPostprocessing = 0;
		};
/* End PBXFrameworksBuildPhase section */

/* Begin PBXGroup section */
		374E0FA61E5E8346004FBC1C = {
			isa = PBXGroup;
			children = (
				374E0FB11E5E8346004FBC1C /* ExpandedDemo */,
				374E0FCB1E5E8346004FBC1C /* ExpandedDemoTests */,
				374E0FD61E5E8346004FBC1C /* ExpandedDemoUITests */,
				374E0FB01E5E8346004FBC1C /* Products */,
			);
			sourceTree = "<group>";
		};
		374E0FB01E5E8346004FBC1C /* Products */ = {
			isa = PBXGroup;
			children = (
				374E0FAF1E5E8346004FBC1C /* ExpandedDemo.app */,
				374E0FC81E5E8346004FBC1C /* ExpandedDemoTests.xctest */,
				374E0FD31E5E8346004FBC1C /* ExpandedDemoUITests.xctest */,
			);
			name = Products;
			sourceTree = "<group>";
		};
		374E0FB11E5E8346004FBC1C /* ExpandedDemo */ = {
			isa = PBXGroup;
			children = (
				374E10931E5EB363004FBC1C /* ThirdLib */,
				374E100E1E5E83AC004FBC1C /* Contorller */,
				374E100F1E5E83AC004FBC1C /* Model */,
				374E10101E5E83AC004FBC1C /* View */,
				374E0FB51E5E8346004FBC1C /* AppDelegate.h */,
				374E0FB61E5E8346004FBC1C /* AppDelegate.m */,
				374E0FBB1E5E8346004FBC1C /* Main.storyboard */,
				374E0FBE1E5E8346004FBC1C /* Assets.xcassets */,
				374E0FC01E5E8346004FBC1C /* LaunchScreen.storyboard */,
				374E0FC31E5E8346004FBC1C /* Info.plist */,
				374E0FB21E5E8346004FBC1C /* Supporting Files */,
			);
			path = ExpandedDemo;
			sourceTree = "<group>";
		};
		374E0FB21E5E8346004FBC1C /* Supporting Files */ = {
			isa = PBXGroup;
			children = (
				374E0FB31E5E8346004FBC1C /* main.m */,
			);
			name = "Supporting Files";
			sourceTree = "<group>";
		};
		374E0FCB1E5E8346004FBC1C /* ExpandedDemoTests */ = {
			isa = PBXGroup;
			children = (
				374E0FCC1E5E8346004FBC1C /* ExpandedDemoTests.m */,
				374E0FCE1E5E8346004FBC1C /* Info.plist */,
			);
			path = ExpandedDemoTests;
			sourceTree = "<group>";
		};
		374E0FD61E5E8346004FBC1C /* ExpandedDemoUITests */ = {
			isa = PBXGroup;
			children = (
				374E0FD71E5E8346004FBC1C /* ExpandedDemoUITests.m */,
				374E0FD91E5E8346004FBC1C /* Info.plist */,
			);
			path = ExpandedDemoUITests;
			sourceTree = "<group>";
		};
		374E100E1E5E83AC004FBC1C /* Contorller */ = {
			isa = PBXGroup;
			children = (
				374E0FB81E5E8346004FBC1C /* ViewController.h */,
				374E0FB91E5E8346004FBC1C /* ViewController.m */,
			);
			path = Contorller;
			sourceTree = "<group>";
		};
		374E100F1E5E83AC004FBC1C /* Model */ = {
			isa = PBXGroup;
			children = (
				374E10111E5E83C1004FBC1C /* ViewModel.h */,
				374E10121E5E83C1004FBC1C /* ViewModel.m */,
			);
			path = Model;
			sourceTree = "<group>";
		};
		374E10101E5E83AC004FBC1C /* View */ = {
			isa = PBXGroup;
			children = (
				374E10141E5E83CC004FBC1C /* ViewCell.h */,
				374E10151E5E83CC004FBC1C /* ViewCell.m */,
			);
			path = View;
			sourceTree = "<group>";
		};
		374E10931E5EB363004FBC1C /* ThirdLib */ = {
			isa = PBXGroup;
			children = (
				374E11021E5EB37E004FBC1C /* Masonry */,
				374E10941E5EB363004FBC1C /* YYText */,
			);
			path = ThirdLib;
			sourceTree = "<group>";
		};
		374E10941E5EB363004FBC1C /* YYText */ = {
			isa = PBXGroup;
			children = (
				374E10951E5EB363004FBC1C /* Component */,
				374E10A81E5EB363004FBC1C /* String */,
				374E10B31E5EB363004FBC1C /* Utility */,
				374E10D41E5EB363004FBC1C /* YYFPSLabel.h */,
				374E10D51E5EB363004FBC1C /* YYFPSLabel.m */,
				374E10D61E5EB363004FBC1C /* YYGestureRecognizer.h */,
				374E10D71E5EB363004FBC1C /* YYGestureRecognizer.m */,
				374E10D81E5EB363004FBC1C /* YYLabel.h */,
				374E10D91E5EB363004FBC1C /* YYLabel.m */,
				374E10DA1E5EB363004FBC1C /* YYText.h */,
				374E10DB1E5EB363004FBC1C /* YYTextView.h */,
				374E10DC1E5EB363004FBC1C /* YYTextView.m */,
				374E10DD1E5EB363004FBC1C /* YYWeakProxy.h */,
				374E10DE1E5EB363004FBC1C /* YYWeakProxy.m */,
			);
			path = YYText;
			sourceTree = "<group>";
		};
		374E10951E5EB363004FBC1C /* Component */ = {
			isa = PBXGroup;
			children = (
				374E10961E5EB363004FBC1C /* YYTextContainerView.h */,
				374E10971E5EB363004FBC1C /* YYTextContainerView.m */,
				374E10981E5EB363004FBC1C /* YYTextDebugOption.h */,
				374E10991E5EB363004FBC1C /* YYTextDebugOption.m */,
				374E109A1E5EB363004FBC1C /* YYTextEffectWindow.h */,
				374E109B1E5EB363004FBC1C /* YYTextEffectWindow.m */,
				374E109C1E5EB363004FBC1C /* YYTextInput.h */,
				374E109D1E5EB363004FBC1C /* YYTextInput.m */,
				374E109E1E5EB363004FBC1C /* YYTextKeyboardManager.h */,
				374E109F1E5EB363004FBC1C /* YYTextKeyboardManager.m */,
				374E10A01E5EB363004FBC1C /* YYTextLayout.h */,
				374E10A11E5EB363004FBC1C /* YYTextLayout.m */,
				374E10A21E5EB363004FBC1C /* YYTextLine.h */,
				374E10A31E5EB363004FBC1C /* YYTextLine.m */,
				374E10A41E5EB363004FBC1C /* YYTextMagnifier.h */,
				374E10A51E5EB363004FBC1C /* YYTextMagnifier.m */,
				374E10A61E5EB363004FBC1C /* YYTextSelectionView.h */,
				374E10A71E5EB363004FBC1C /* YYTextSelectionView.m */,
			);
			path = Component;
			sourceTree = "<group>";
		};
		374E10A81E5EB363004FBC1C /* String */ = {
			isa = PBXGroup;
			children = (
				374E10A91E5EB363004FBC1C /* YYTextArchiver.h */,
				374E10AA1E5EB363004FBC1C /* YYTextArchiver.m */,
				374E10AB1E5EB363004FBC1C /* YYTextAttribute.h */,
				374E10AC1E5EB363004FBC1C /* YYTextAttribute.m */,
				374E10AD1E5EB363004FBC1C /* YYTextParser.h */,
				374E10AE1E5EB363004FBC1C /* YYTextParser.m */,
				374E10AF1E5EB363004FBC1C /* YYTextRubyAnnotation.h */,
				374E10B01E5EB363004FBC1C /* YYTextRubyAnnotation.m */,
				374E10B11E5EB363004FBC1C /* YYTextRunDelegate.h */,
				374E10B21E5EB363004FBC1C /* YYTextRunDelegate.m */,
			);
			path = String;
			sourceTree = "<group>";
		};
		374E10B31E5EB363004FBC1C /* Utility */ = {
			isa = PBXGroup;
			children = (
				374E10B41E5EB363004FBC1C /* CALayer+YYAdd.h */,
				374E10B51E5EB363004FBC1C /* CALayer+YYAdd.m */,
				374E10B61E5EB363004FBC1C /* NSAttributedString+YYText.h */,
				374E10B71E5EB363004FBC1C /* NSAttributedString+YYText.m */,
				374E10B81E5EB363004FBC1C /* NSBundle+YYAdd.h */,
				374E10B91E5EB363004FBC1C /* NSBundle+YYAdd.m */,
				374E10BA1E5EB363004FBC1C /* NSData+YYAdd.h */,
				374E10BB1E5EB363004FBC1C /* NSData+YYAdd.m */,
				374E10BC1E5EB363004FBC1C /* NSParagraphStyle+YYText.h */,
				374E10BD1E5EB363004FBC1C /* NSParagraphStyle+YYText.m */,
				374E10BE1E5EB363004FBC1C /* NSString+YYAdd.h */,
				374E10BF1E5EB363004FBC1C /* NSString+YYAdd.m */,
				374E10C01E5EB363004FBC1C /* UIControl+YYAdd.h */,
				374E10C11E5EB363004FBC1C /* UIControl+YYAdd.m */,
				374E10C21E5EB363004FBC1C /* UIGestureRecognizer+YYAdd.h */,
				374E10C31E5EB363004FBC1C /* UIGestureRecognizer+YYAdd.m */,
				374E10C41E5EB363004FBC1C /* UIImage+YYWebImage.h */,
				374E10C51E5EB363004FBC1C /* UIImage+YYWebImage.m */,
				374E10C61E5EB363004FBC1C /* UIPasteboard+YYText.h */,
				374E10C71E5EB363004FBC1C /* UIPasteboard+YYText.m */,
				374E10C81E5EB363004FBC1C /* UIView+YYAdd.h */,
				374E10C91E5EB363004FBC1C /* UIView+YYAdd.m */,
				374E10CA1E5EB363004FBC1C /* UIView+YYText.h */,
				374E10CB1E5EB363004FBC1C /* UIView+YYText.m */,
				374E10CC1E5EB363004FBC1C /* YYTextAsyncLayer.h */,
				374E10CD1E5EB363004FBC1C /* YYTextAsyncLayer.m */,
				374E10CE1E5EB363004FBC1C /* YYTextTransaction.h */,
				374E10CF1E5EB363004FBC1C /* YYTextTransaction.m */,
				374E10D01E5EB363004FBC1C /* YYTextUtilities.h */,
				374E10D11E5EB363004FBC1C /* YYTextUtilities.m */,
				374E10D21E5EB363004FBC1C /* YYTextWeakProxy.h */,
				374E10D31E5EB363004FBC1C /* YYTextWeakProxy.m */,
			);
			path = Utility;
			sourceTree = "<group>";
		};
		374E11021E5EB37E004FBC1C /* Masonry */ = {
			isa = PBXGroup;
			children = (
				374E11031E5EB37E004FBC1C /* LICENSE */,
				374E11041E5EB37E004FBC1C /* Masonry */,
				374E111E1E5EB37E004FBC1C /* README.md */,
			);
			path = Masonry;
			sourceTree = "<group>";
		};
		374E11041E5EB37E004FBC1C /* Masonry */ = {
			isa = PBXGroup;
			children = (
				374E11051E5EB37E004FBC1C /* MASCompositeConstraint.h */,
				374E11061E5EB37E004FBC1C /* MASCompositeConstraint.m */,
				374E11071E5EB37E004FBC1C /* MASConstraint+Private.h */,
				374E11081E5EB37E004FBC1C /* MASConstraint.h */,
				374E11091E5EB37E004FBC1C /* MASConstraint.m */,
				374E110A1E5EB37E004FBC1C /* MASConstraintMaker.h */,
				374E110B1E5EB37E004FBC1C /* MASConstraintMaker.m */,
				374E110C1E5EB37E004FBC1C /* MASLayoutConstraint.h */,
				374E110D1E5EB37E004FBC1C /* MASLayoutConstraint.m */,
				374E110E1E5EB37E004FBC1C /* Masonry.h */,
				374E110F1E5EB37E004FBC1C /* MASUtilities.h */,
				374E11101E5EB37E004FBC1C /* MASViewAttribute.h */,
				374E11111E5EB37E004FBC1C /* MASViewAttribute.m */,
				374E11121E5EB37E004FBC1C /* MASViewConstraint.h */,
				374E11131E5EB37E004FBC1C /* MASViewConstraint.m */,
				374E11141E5EB37E004FBC1C /* NSArray+MASAdditions.h */,
				374E11151E5EB37E004FBC1C /* NSArray+MASAdditions.m */,
				374E11161E5EB37E004FBC1C /* NSArray+MASShorthandAdditions.h */,
				374E11171E5EB37E004FBC1C /* NSLayoutConstraint+MASDebugAdditions.h */,
				374E11181E5EB37E004FBC1C /* NSLayoutConstraint+MASDebugAdditions.m */,
				374E11191E5EB37E004FBC1C /* View+MASAdditions.h */,
				374E111A1E5EB37E004FBC1C /* View+MASAdditions.m */,
				374E111B1E5EB37E004FBC1C /* View+MASShorthandAdditions.h */,
				374E111C1E5EB37E004FBC1C /* ViewController+MASAdditions.h */,
				374E111D1E5EB37E004FBC1C /* ViewController+MASAdditions.m */,
			);
			path = Masonry;
			sourceTree = "<group>";
		};
/* End PBXGroup section */

/* Begin PBXNativeTarget section */
		374E0FAE1E5E8346004FBC1C /* ExpandedDemo */ = {
			isa = PBXNativeTarget;
			buildConfigurationList = 374E0FDC1E5E8346004FBC1C /* Build configuration list for PBXNativeTarget "ExpandedDemo" */;
			buildPhases = (
				374E0FAB1E5E8346004FBC1C /* Sources */,
				374E0FAC1E5E8346004FBC1C /* Frameworks */,
				374E0FAD1E5E8346004FBC1C /* Resources */,
			);
			buildRules = (
			);
			dependencies = (
			);
			name = ExpandedDemo;
			productName = ExpandedDemo;
			productReference = 374E0FAF1E5E8346004FBC1C /* ExpandedDemo.app */;
			productType = "com.apple.product-type.application";
		};
		374E0FC71E5E8346004FBC1C /* ExpandedDemoTests */ = {
			isa = PBXNativeTarget;
			buildConfigurationList = 374E0FDF1E5E8346004FBC1C /* Build configuration list for PBXNativeTarget "ExpandedDemoTests" */;
			buildPhases = (
				374E0FC41E5E8346004FBC1C /* Sources */,
				374E0FC51E5E8346004FBC1C /* Frameworks */,
				374E0FC61E5E8346004FBC1C /* Resources */,
			);
			buildRules = (
			);
			dependencies = (
				374E0FCA1E5E8346004FBC1C /* PBXTargetDependency */,
			);
			name = ExpandedDemoTests;
			productName = ExpandedDemoTests;
			productReference = 374E0FC81E5E8346004FBC1C /* ExpandedDemoTests.xctest */;
			productType = "com.apple.product-type.bundle.unit-test";
		};
		374E0FD21E5E8346004FBC1C /* ExpandedDemoUITests */ = {
			isa = PBXNativeTarget;
			buildConfigurationList = 374E0FE21E5E8346004FBC1C /* Build configuration list for PBXNativeTarget "ExpandedDemoUITests" */;
			buildPhases = (
				374E0FCF1E5E8346004FBC1C /* Sources */,
				374E0FD01E5E8346004FBC1C /* Frameworks */,
				374E0FD11E5E8346004FBC1C /* Resources */,
			);
			buildRules = (
			);
			dependencies = (
				374E0FD51E5E8346004FBC1C /* PBXTargetDependency */,
			);
			name = ExpandedDemoUITests;
			productName = ExpandedDemoUITests;
			productReference = 374E0FD31E5E8346004FBC1C /* ExpandedDemoUITests.xctest */;
			productType = "com.apple.product-type.bundle.ui-testing";
		};
/* End PBXNativeTarget section */

/* Begin PBXProject section */
		374E0FA71E5E8346004FBC1C /* Project object */ = {
			isa = PBXProject;
			attributes = {
				LastUpgradeCheck = 0820;
				ORGANIZATIONNAME = Allison;
				TargetAttributes = {
					374E0FAE1E5E8346004FBC1C = {
						CreatedOnToolsVersion = 8.2.1;
						ProvisioningStyle = Automatic;
					};
					374E0FC71E5E8346004FBC1C = {
						CreatedOnToolsVersion = 8.2.1;
						ProvisioningStyle = Automatic;
						TestTargetID = 374E0FAE1E5E8346004FBC1C;
					};
					374E0FD21E5E8346004FBC1C = {
						CreatedOnToolsVersion = 8.2.1;
						ProvisioningStyle = Automatic;
						TestTargetID = 374E0FAE1E5E8346004FBC1C;
					};
				};
			};
			buildConfigurationList = 374E0FAA1E5E8346004FBC1C /* Build configuration list for PBXProject "ExpandedDemo" */;
			compatibilityVersion = "Xcode 3.2";
			developmentRegion = English;
			hasScannedForEncodings = 0;
			knownRegions = (
				en,
				Base,
			);
			mainGroup = 374E0FA61E5E8346004FBC1C;
			productRefGroup = 374E0FB01E5E8346004FBC1C /* Products */;
			projectDirPath = "";
			projectRoot = "";
			targets = (
				374E0FAE1E5E8346004FBC1C /* ExpandedDemo */,
				374E0FC71E5E8346004FBC1C /* ExpandedDemoTests */,
				374E0FD21E5E8346004FBC1C /* ExpandedDemoUITests */,
			);
		};
/* End PBXProject section */

/* Begin PBXResourcesBuildPhase section */
		374E0FAD1E5E8346004FBC1C /* Resources */ = {
			isa = PBXResourcesBuildPhase;
			buildActionMask = 2147483647;
			files = (
				374E0FC21E5E8346004FBC1C /* LaunchScreen.storyboard in Resources */,
				374E0FBF1E5E8346004FBC1C /* Assets.xcassets in Resources */,
				374E111F1E5EB37E004FBC1C /* LICENSE in Resources */,
				374E0FBD1E5E8346004FBC1C /* Main.storyboard in Resources */,
			);
			runOnlyForDeploymentPostprocessing = 0;
		};
		374E0FC61E5E8346004FBC1C /* Resources */ = {
			isa = PBXResourcesBuildPhase;
			buildActionMask = 2147483647;
			files = (
			);
			runOnlyForDeploymentPostprocessing = 0;
		};
		374E0FD11E5E8346004FBC1C /* Resources */ = {
			isa = PBXResourcesBuildPhase;
			buildActionMask = 2147483647;
			files = (
			);
			runOnlyForDeploymentPostprocessing = 0;
		};
/* End PBXResourcesBuildPhase section */

/* Begin PBXSourcesBuildPhase section */
		374E0FAB1E5E8346004FBC1C /* Sources */ = {
			isa = PBXSourcesBuildPhase;
			buildActionMask = 2147483647;
			files = (
				374E10E11E5EB363004FBC1C /* YYTextEffectWindow.m in Sources */,
				374E10F81E5EB363004FBC1C /* UIView+YYText.m in Sources */,
				374E10161E5E83CC004FBC1C /* ViewCell.m in Sources */,
				374E11201E5EB37E004FBC1C /* MASCompositeConstraint.m in Sources */,
				374E11221E5EB37E004FBC1C /* MASConstraintMaker.m in Sources */,
				374E11241E5EB37E004FBC1C /* MASViewAttribute.m in Sources */,
				374E10F11E5EB363004FBC1C /* NSParagraphStyle+YYText.m in Sources */,
				374E11251E5EB37E004FBC1C /* MASViewConstraint.m in Sources */,
				374E10F51E5EB363004FBC1C /* UIImage+YYWebImage.m in Sources */,
				374E10FB1E5EB363004FBC1C /* YYTextUtilities.m in Sources */,
				374E10F61E5EB363004FBC1C /* UIPasteboard+YYText.m in Sources */,
				374E10FD1E5EB363004FBC1C /* YYFPSLabel.m in Sources */,
				374E10F71E5EB363004FBC1C /* UIView+YYAdd.m in Sources */,
				374E11281E5EB37E004FBC1C /* View+MASAdditions.m in Sources */,
				374E10E31E5EB363004FBC1C /* YYTextKeyboardManager.m in Sources */,
				374E10E01E5EB363004FBC1C /* YYTextDebugOption.m in Sources */,
				374E10EE1E5EB363004FBC1C /* NSAttributedString+YYText.m in Sources */,
				374E0FBA1E5E8346004FBC1C /* ViewController.m in Sources */,
				374E0FB71E5E8346004FBC1C /* AppDelegate.m in Sources */,
				374E0FB41E5E8346004FBC1C /* main.m in Sources */,
				374E10E71E5EB363004FBC1C /* YYTextSelectionView.m in Sources */,
				374E10F01E5EB363004FBC1C /* NSData+YYAdd.m in Sources */,
				374E10F91E5EB363004FBC1C /* YYTextAsyncLayer.m in Sources */,
				374E10FC1E5EB363004FBC1C /* YYTextWeakProxy.m in Sources */,
				374E11271E5EB37E004FBC1C /* NSLayoutConstraint+MASDebugAdditions.m in Sources */,
				374E10FE1E5EB363004FBC1C /* YYGestureRecognizer.m in Sources */,
				374E10E81E5EB363004FBC1C /* YYTextArchiver.m in Sources */,
				374E10E61E5EB363004FBC1C /* YYTextMagnifier.m in Sources */,
				374E10EF1E5EB363004FBC1C /* NSBundle+YYAdd.m in Sources */,
				374E10DF1E5EB363004FBC1C /* YYTextContainerView.m in Sources */,
				374E10EA1E5EB363004FBC1C /* YYTextParser.m in Sources */,
				374E11211E5EB37E004FBC1C /* MASConstraint.m in Sources */,
				374E10EC1E5EB363004FBC1C /* YYTextRunDelegate.m in Sources */,
				374E10E21E5EB363004FBC1C /* YYTextInput.m in Sources */,
				374E10E91E5EB363004FBC1C /* YYTextAttribute.m in Sources */,
				374E10F31E5EB363004FBC1C /* UIControl+YYAdd.m in Sources */,
				374E11291E5EB37E004FBC1C /* ViewController+MASAdditions.m in Sources */,
				374E10131E5E83C1004FBC1C /* ViewModel.m in Sources */,
				374E10F21E5EB363004FBC1C /* NSString+YYAdd.m in Sources */,
				374E10EB1E5EB363004FBC1C /* YYTextRubyAnnotation.m in Sources */,
				374E10E51E5EB363004FBC1C /* YYTextLine.m in Sources */,
				374E10FA1E5EB363004FBC1C /* YYTextTransaction.m in Sources */,
				374E10ED1E5EB363004FBC1C /* CALayer+YYAdd.m in Sources */,
				374E10E41E5EB363004FBC1C /* YYTextLayout.m in Sources */,
				374E10FF1E5EB363004FBC1C /* YYLabel.m in Sources */,
				374E112A1E5EB37E004FBC1C /* README.md in Sources */,
				374E11231E5EB37E004FBC1C /* MASLayoutConstraint.m in Sources */,
				374E11011E5EB363004FBC1C /* YYWeakProxy.m in Sources */,
				374E11001E5EB363004FBC1C /* YYTextView.m in Sources */,
				374E11261E5EB37E004FBC1C /* NSArray+MASAdditions.m in Sources */,
				374E10F41E5EB363004FBC1C /* UIGestureRecognizer+YYAdd.m in Sources */,
			);
			runOnlyForDeploymentPostprocessing = 0;
		};
		374E0FC41E5E8346004FBC1C /* Sources */ = {
			isa = PBXSourcesBuildPhase;
			buildActionMask = 2147483647;
			files = (
				374E0FCD1E5E8346004FBC1C /* ExpandedDemoTests.m in Sources */,
			);
			runOnlyForDeploymentPostprocessing = 0;
		};
		374E0FCF1E5E8346004FBC1C /* Sources */ = {
			isa = PBXSourcesBuildPhase;
			buildActionMask = 2147483647;
			files = (
				374E0FD81E5E8346004FBC1C /* ExpandedDemoUITests.m in Sources */,
			);
			runOnlyForDeploymentPostprocessing = 0;
		};
/* End PBXSourcesBuildPhase section */

/* Begin PBXTargetDependency section */
		374E0FCA1E5E8346004FBC1C /* PBXTargetDependency */ = {
			isa = PBXTargetDependency;
			target = 374E0FAE1E5E8346004FBC1C /* ExpandedDemo */;
			targetProxy = 374E0FC91E5E8346004FBC1C /* PBXContainerItemProxy */;
		};
		374E0FD51E5E8346004FBC1C /* PBXTargetDependency */ = {
			isa = PBXTargetDependency;
			target = 374E0FAE1E5E8346004FBC1C /* ExpandedDemo */;
			targetProxy = 374E0FD41E5E8346004FBC1C /* PBXContainerItemProxy */;
		};
/* End PBXTargetDependency section */

/* Begin PBXVariantGroup section */
		374E0FBB1E5E8346004FBC1C /* Main.storyboard */ = {
			isa = PBXVariantGroup;
			children = (
				374E0FBC1E5E8346004FBC1C /* Base */,
			);
			name = Main.storyboard;
			sourceTree = "<group>";
		};
		374E0FC01E5E8346004FBC1C /* LaunchScreen.storyboard */ = {
			isa = PBXVariantGroup;
			children = (
				374E0FC11E5E8346004FBC1C /* Base */,
			);
			name = LaunchScreen.storyboard;
			sourceTree = "<group>";
		};
/* End PBXVariantGroup section */

/* Begin XCBuildConfiguration section */
		374E0FDA1E5E8346004FBC1C /* Debug */ = {
			isa = XCBuildConfiguration;
			buildSettings = {
				ALWAYS_SEARCH_USER_PATHS = NO;
				CLANG_ANALYZER_NONNULL = YES;
				CLANG_CXX_LANGUAGE_STANDARD = "gnu++0x";
				CLANG_CXX_LIBRARY = "libc++";
				CLANG_ENABLE_MODULES = YES;
				CLANG_ENABLE_OBJC_ARC = YES;
				CLANG_WARN_BOOL_CONVERSION = YES;
				CLANG_WARN_CONSTANT_CONVERSION = YES;
				CLANG_WARN_DIRECT_OBJC_ISA_USAGE = YES_ERROR;
				CLANG_WARN_DOCUMENTATION_COMMENTS = YES;
				CLANG_WARN_EMPTY_BODY = YES;
				CLANG_WARN_ENUM_CONVERSION = YES;
				CLANG_WARN_INFINITE_RECURSION = YES;
				CLANG_WARN_INT_CONVERSION = YES;
				CLANG_WARN_OBJC_ROOT_CLASS = YES_ERROR;
				CLANG_WARN_SUSPICIOUS_MOVE = YES;
				CLANG_WARN_UNREACHABLE_CODE = YES;
				CLANG_WARN__DUPLICATE_METHOD_MATCH = YES;
				"CODE_SIGN_IDENTITY[sdk=iphoneos*]" = "iPhone Developer";
				COPY_PHASE_STRIP = NO;
				DEBUG_INFORMATION_FORMAT = dwarf;
				ENABLE_STRICT_OBJC_MSGSEND = YES;
				ENABLE_TESTABILITY = YES;
				GCC_C_LANGUAGE_STANDARD = gnu99;
				GCC_DYNAMIC_NO_PIC = NO;
				GCC_NO_COMMON_BLOCKS = YES;
				GCC_OPTIMIZATION_LEVEL = 0;
				GCC_PREPROCESSOR_DEFINITIONS = (
					"DEBUG=1",
					"$(inherited)",
				);
				GCC_WARN_64_TO_32_BIT_CONVERSION = YES;
				GCC_WARN_ABOUT_RETURN_TYPE = YES_ERROR;
				GCC_WARN_UNDECLARED_SELECTOR = YES;
				GCC_WARN_UNINITIALIZED_AUTOS = YES_AGGRESSIVE;
				GCC_WARN_UNUSED_FUNCTION = YES;
				GCC_WARN_UNUSED_VARIABLE = YES;
				IPHONEOS_DEPLOYMENT_TARGET = 10.2;
				MTL_ENABLE_DEBUG_INFO = YES;
				ONLY_ACTIVE_ARCH = YES;
				SDKROOT = iphoneos;
				TARGETED_DEVICE_FAMILY = "1,2";
			};
			name = Debug;
		};
		374E0FDB1E5E8346004FBC1C /* Release */ = {
			isa = XCBuildConfiguration;
			buildSettings = {
				ALWAYS_SEARCH_USER_PATHS = NO;
				CLANG_ANALYZER_NONNULL = YES;
				CLANG_CXX_LANGUAGE_STANDARD = "gnu++0x";
				CLANG_CXX_LIBRARY = "libc++";
				CLANG_ENABLE_MODULES = YES;
				CLANG_ENABLE_OBJC_ARC = YES;
				CLANG_WARN_BOOL_CONVERSION = YES;
				CLANG_WARN_CONSTANT_CONVERSION = YES;
				CLANG_WARN_DIRECT_OBJC_ISA_USAGE = YES_ERROR;
				CLANG_WARN_DOCUMENTATION_COMMENTS = YES;
				CLANG_WARN_EMPTY_BODY = YES;
				CLANG_WARN_ENUM_CONVERSION = YES;
				CLANG_WARN_INFINITE_RECURSION = YES;
				CLANG_WARN_INT_CONVERSION = YES;
				CLANG_WARN_OBJC_ROOT_CLASS = YES_ERROR;
				CLANG_WARN_SUSPICIOUS_MOVE = YES;
				CLANG_WARN_UNREACHABLE_CODE = YES;
				CLANG_WARN__DUPLICATE_METHOD_MATCH = YES;
				"CODE_SIGN_IDENTITY[sdk=iphoneos*]" = "iPhone Developer";
				COPY_PHASE_STRIP = NO;
				DEBUG_INFORMATION_FORMAT = "dwarf-with-dsym";
				ENABLE_NS_ASSERTIONS = NO;
				ENABLE_STRICT_OBJC_MSGSEND = YES;
				GCC_C_LANGUAGE_STANDARD = gnu99;
				GCC_NO_COMMON_BLOCKS = YES;
				GCC_WARN_64_TO_32_BIT_CONVERSION = YES;
				GCC_WARN_ABOUT_RETURN_TYPE = YES_ERROR;
				GCC_WARN_UNDECLARED_SELECTOR = YES;
				GCC_WARN_UNINITIALIZED_AUTOS = YES_AGGRESSIVE;
				GCC_WARN_UNUSED_FUNCTION = YES;
				GCC_WARN_UNUSED_VARIABLE = YES;
				IPHONEOS_DEPLOYMENT_TARGET = 10.2;
				MTL_ENABLE_DEBUG_INFO = NO;
				SDKROOT = iphoneos;
				TARGETED_DEVICE_FAMILY = "1,2";
				VALIDATE_PRODUCT = YES;
			};
			name = Release;
		};
		374E0FDD1E5E8346004FBC1C /* Debug */ = {
			isa = XCBuildConfiguration;
			buildSettings = {
				ASSETCATALOG_COMPILER_APPICON_NAME = AppIcon;
				INFOPLIST_FILE = ExpandedDemo/Info.plist;
				LD_RUNPATH_SEARCH_PATHS = "$(inherited) @executable_path/Frameworks";
				PRODUCT_BUNDLE_IDENTIFIER = WXLZ.ExpandedDemo;
				PRODUCT_NAME = "$(TARGET_NAME)";
			};
			name = Debug;
		};
		374E0FDE1E5E8346004FBC1C /* Release */ = {
			isa = XCBuildConfiguration;
			buildSettings = {
				ASSETCATALOG_COMPILER_APPICON_NAME = AppIcon;
				INFOPLIST_FILE = ExpandedDemo/Info.plist;
				LD_RUNPATH_SEARCH_PATHS = "$(inherited) @executable_path/Frameworks";
				PRODUCT_BUNDLE_IDENTIFIER = WXLZ.ExpandedDemo;
				PRODUCT_NAME = "$(TARGET_NAME)";
			};
			name = Release;
		};
		374E0FE01E5E8346004FBC1C /* Debug */ = {
			isa = XCBuildConfiguration;
			buildSettings = {
				BUNDLE_LOADER = "$(TEST_HOST)";
				INFOPLIST_FILE = ExpandedDemoTests/Info.plist;
				LD_RUNPATH_SEARCH_PATHS = "$(inherited) @executable_path/Frameworks @loader_path/Frameworks";
				PRODUCT_BUNDLE_IDENTIFIER = WXLZ.ExpandedDemoTests;
				PRODUCT_NAME = "$(TARGET_NAME)";
				TEST_HOST = "$(BUILT_PRODUCTS_DIR)/ExpandedDemo.app/ExpandedDemo";
			};
			name = Debug;
		};
		374E0FE11E5E8346004FBC1C /* Release */ = {
			isa = XCBuildConfiguration;
			buildSettings = {
				BUNDLE_LOADER = "$(TEST_HOST)";
				INFOPLIST_FILE = ExpandedDemoTests/Info.plist;
				LD_RUNPATH_SEARCH_PATHS = "$(inherited) @executable_path/Frameworks @loader_path/Frameworks";
				PRODUCT_BUNDLE_IDENTIFIER = WXLZ.ExpandedDemoTests;
				PRODUCT_NAME = "$(TARGET_NAME)";
				TEST_HOST = "$(BUILT_PRODUCTS_DIR)/ExpandedDemo.app/ExpandedDemo";
			};
			name = Release;
		};
		374E0FE31E5E8346004FBC1C /* Debug */ = {
			isa = XCBuildConfiguration;
			buildSettings = {
				INFOPLIST_FILE = ExpandedDemoUITests/Info.plist;
				LD_RUNPATH_SEARCH_PATHS = "$(inherited) @executable_path/Frameworks @loader_path/Frameworks";
				PRODUCT_BUNDLE_IDENTIFIER = WXLZ.ExpandedDemoUITests;
				PRODUCT_NAME = "$(TARGET_NAME)";
				TEST_TARGET_NAME = ExpandedDemo;
			};
			name = Debug;
		};
		374E0FE41E5E8346004FBC1C /* Release */ = {
			isa = XCBuildConfiguration;
			buildSettings = {
				INFOPLIST_FILE = ExpandedDemoUITests/Info.plist;
				LD_RUNPATH_SEARCH_PATHS = "$(inherited) @executable_path/Frameworks @loader_path/Frameworks";
				PRODUCT_BUNDLE_IDENTIFIER = WXLZ.ExpandedDemoUITests;
				PRODUCT_NAME = "$(TARGET_NAME)";
				TEST_TARGET_NAME = ExpandedDemo;
			};
			name = Release;
		};
/* End XCBuildConfiguration section */

/* Begin XCConfigurationList section */
		374E0FAA1E5E8346004FBC1C /* Build configuration list for PBXProject "ExpandedDemo" */ = {
			isa = XCConfigurationList;
			buildConfigurations = (
				374E0FDA1E5E8346004FBC1C /* Debug */,
				374E0FDB1E5E8346004FBC1C /* Release */,
			);
			defaultConfigurationIsVisible = 0;
			defaultConfigurationName = Release;
		};
		374E0FDC1E5E8346004FBC1C /* Build configuration list for PBXNativeTarget "ExpandedDemo" */ = {
			isa = XCConfigurationList;
			buildConfigurations = (
				374E0FDD1E5E8346004FBC1C /* Debug */,
				374E0FDE1E5E8346004FBC1C /* Release */,
			);
			defaultConfigurationIsVisible = 0;
			defaultConfigurationName = Release;
		};
		374E0FDF1E5E8346004FBC1C /* Build configuration list for PBXNativeTarget "ExpandedDemoTests" */ = {
			isa = XCConfigurationList;
			buildConfigurations = (
				374E0FE01E5E8346004FBC1C /* Debug */,
				374E0FE11E5E8346004FBC1C /* Release */,
			);
			defaultConfigurationIsVisible = 0;
			defaultConfigurationName = Release;
		};
		374E0FE21E5E8346004FBC1C /* Build configuration list for PBXNativeTarget "ExpandedDemoUITests" */ = {
			isa = XCConfigurationList;
			buildConfigurations = (
				374E0FE31E5E8346004FBC1C /* Debug */,
				374E0FE41E5E8346004FBC1C /* Release */,
			);
			defaultConfigurationIsVisible = 0;
			defaultConfigurationName = Release;
		};
/* End XCConfigurationList section */
	};
	rootObject = 374E0FA71E5E8346004FBC1C /* Project object */;
}
